
Microsoft Visual Studio Solution File, Format Version 12.00
# Visual Studio Version 17
VisualStudioVersion = 17.3.32819.101
MinimumVisualStudioVersion = 10.0.40219.1
Project("{FAE04EC0-301F-11D3-BF4B-00C04F79EFBC}") = "BookPrees", "BookPrees\BookPrees.csproj", "{A433FCCF-F18C-4613-90C4-D5B7304ABE86}"
EndProject
Global
	GlobalSection(SolutionConfigurationPlatforms) = preSolution
		Debug|Any CPU = Debug|Any CPU
		Release|Any CPU = Release|Any CPU
	EndGlobalSection
	GlobalSection(ProjectConfigurationPlatforms) = postSolution
		{A433FCCF-F18C-4613-90C4-D5B7304ABE86}.Debug|Any CPU.ActiveCfg = Debug|Any CPU
		{A433FCCF-F18C-4613-90C4-D5B7304ABE86}.Debug|Any CPU.Build.0 = Debug|Any CPU
		{A433FCCF-F18C-4613-90C4-D5B7304ABE86}.Release|Any CPU.ActiveCfg = Release|Any CPU
		{A433FCCF-F18C-4613-90C4-D5B7304ABE86}.Release|Any CPU.Build.0 = Release|Any CPU
	EndGlobalSection
	GlobalSection(SolutionProperties) = preSolution
		HideSolutionNode = FALSE
	EndGlobalSection
	GlobalSection(ExtensibilityGlobals) = postSolution
		SolutionGuid = {A3296D1F-2EF7-466E-811A-26611C97C5A7}
	EndGlobalSection
EndGlobal
